
Microsoft Visual Studio Solution File, Format Version 12.00
# Visual Studio Version 17
VisualStudioVersion = 17.4.33213.308
MinimumVisualStudioVersion = 10.0.40219.1
Project("{9A19103F-16F7-4668-BE54-9A1E7A4F7556}") = "Task3", "Modul8Praktika\Task3.csproj", "{67C9B4FB-1DDB-479B-B86B-2A55EDB7DD0E}"
EndProject
Project("{FAE04EC0-301F-11D3-BF4B-00C04F79EFBC}") = "Task1", "Task1\Task1.csproj", "{0ADB13C3-D7B5-4BAC-B4AC-E99E0863B3D4}"
EndProject
Project("{FAE04EC0-301F-11D3-BF4B-00C04F79EFBC}") = "Task2", "Task2\Task2.csproj", "{58330BB9-AD74-4EE6-A88C-8FEE1F4DB750}"
EndProject
Project("{FAE04EC0-301F-11D3-BF4B-00C04F79EFBC}") = "Task4", "Task4\Task4.csproj", "{CC11448D-0710-42D5-958D-FA50E9B1735E}"
EndProject
Global
	GlobalSection(SolutionConfigurationPlatforms) = preSolution
		Debug|Any CPU = Debug|Any CPU
		Release|Any CPU = Release|Any CPU
	EndGlobalSection
	GlobalSection(ProjectConfigurationPlatforms) = postSolution
		{67C9B4FB-1DDB-479B-B86B-2A55EDB7DD0E}.Debug|Any CPU.ActiveCfg = Debug|Any CPU
		{67C9B4FB-1DDB-479B-B86B-2A55EDB7DD0E}.Debug|Any CPU.Build.0 = Debug|Any CPU
		{67C9B4FB-1DDB-479B-B86B-2A55EDB7DD0E}.Release|Any CPU.ActiveCfg = Release|Any CPU
		{67C9B4FB-1DDB-479B-B86B-2A55EDB7DD0E}.Release|Any CPU.Build.0 = Release|Any CPU
		{0ADB13C3-D7B5-4BAC-B4AC-E99E0863B3D4}.Debug|Any CPU.ActiveCfg = Debug|Any CPU
		{0ADB13C3-D7B5-4BAC-B4AC-E99E0863B3D4}.Debug|Any CPU.Build.0 = Debug|Any CPU
		{0ADB13C3-D7B5-4BAC-B4AC-E99E0863B3D4}.Release|Any CPU.ActiveCfg = Release|Any CPU
		{0ADB13C3-D7B5-4BAC-B4AC-E99E0863B3D4}.Release|Any CPU.Build.0 = Release|Any CPU
		{58330BB9-AD74-4EE6-A88C-8FEE1F4DB750}.Debug|Any CPU.ActiveCfg = Debug|Any CPU
		{58330BB9-AD74-4EE6-A88C-8FEE1F4DB750}.Debug|Any CPU.Build.0 = Debug|Any CPU
		{58330BB9-AD74-4EE6-A88C-8FEE1F4DB750}.Release|Any CPU.ActiveCfg = Release|Any CPU
		{58330BB9-AD74-4EE6-A88C-8FEE1F4DB750}.Release|Any CPU.Build.0 = Release|Any CPU
		{CC11448D-0710-42D5-958D-FA50E9B1735E}.Debug|Any CPU.ActiveCfg = Debug|Any CPU
		{CC11448D-0710-42D5-958D-FA50E9B1735E}.Debug|Any CPU.Build.0 = Debug|Any CPU
		{CC11448D-0710-42D5-958D-FA50E9B1735E}.Release|Any CPU.ActiveCfg = Release|Any CPU
		{CC11448D-0710-42D5-958D-FA50E9B1735E}.Release|Any CPU.Build.0 = Release|Any CPU
	EndGlobalSection
	GlobalSection(SolutionProperties) = preSolution
		HideSolutionNode = FALSE
	EndGlobalSection
	GlobalSection(ExtensibilityGlobals) = postSolution
		SolutionGuid = {E97D4AE9-AB6F-47A2-865F-93DE2CDD10DB}
	EndGlobalSection
EndGlobal
